
Microsoft Visual Studio Solution File, Format Version 12.00
# Visual Studio Version 16
VisualStudioVersion = 16.0.30907.101
MinimumVisualStudioVersion = 10.0.40219.1
Project("{FAE04EC0-301F-11D3-BF4B-00C04F79EFBC}") = "EnumerationAndComposition", "EnumerationAndComposition\EnumerationAndComposition.csproj", "{AED7A0D1-7ED8-44C5-A7BB-E45DA4A13D29}"
EndProject
Global
	GlobalSection(SolutionConfigurationPlatforms) = preSolution
		Debug|Any CPU = Debug|Any CPU
		Release|Any CPU = Release|Any CPU
	EndGlobalSection
	GlobalSection(ProjectConfigurationPlatforms) = postSolution
		{AED7A0D1-7ED8-44C5-A7BB-E45DA4A13D29}.Debug|Any CPU.ActiveCfg = Debug|Any CPU
		{AED7A0D1-7ED8-44C5-A7BB-E45DA4A13D29}.Debug|Any CPU.Build.0 = Debug|Any CPU
		{AED7A0D1-7ED8-44C5-A7BB-E45DA4A13D29}.Release|Any CPU.ActiveCfg = Release|Any CPU
		{AED7A0D1-7ED8-44C5-A7BB-E45DA4A13D29}.Release|Any CPU.Build.0 = Release|Any CPU
	EndGlobalSection
	GlobalSection(SolutionProperties) = preSolution
		HideSolutionNode = FALSE
	EndGlobalSection
	GlobalSection(ExtensibilityGlobals) = postSolution
		SolutionGuid = {049E5FAE-E01C-4847-9594-5FBB91A66A7F}
	EndGlobalSection
EndGlobal
